
Microsoft Visual Studio Solution File, Format Version 12.00
# Visual Studio Version 16
VisualStudioVersion = 16.0.29503.13
MinimumVisualStudioVersion = 10.0.40219.1
Project("{FAE04EC0-301F-11D3-BF4B-00C04F79EFBC}") = "UpLoadFileAndComboboxDemo", "UpLoadFileAndComboboxDemo\UpLoadFileAndComboboxDemo.csproj", "{574A8090-67ED-48A9-8F59-CC1EBBEFA68D}"
EndProject
Global
	GlobalSection(SolutionConfigurationPlatforms) = preSolution
		Debug|Any CPU = Debug|Any CPU
		Release|Any CPU = Release|Any CPU
	EndGlobalSection
	GlobalSection(ProjectConfigurationPlatforms) = postSolution
		{574A8090-67ED-48A9-8F59-CC1EBBEFA68D}.Debug|Any CPU.ActiveCfg = Debug|Any CPU
		{574A8090-67ED-48A9-8F59-CC1EBBEFA68D}.Debug|Any CPU.Build.0 = Debug|Any CPU
		{574A8090-67ED-48A9-8F59-CC1EBBEFA68D}.Release|Any CPU.ActiveCfg = Release|Any CPU
		{574A8090-67ED-48A9-8F59-CC1EBBEFA68D}.Release|Any CPU.Build.0 = Release|Any CPU
	EndGlobalSection
	GlobalSection(SolutionProperties) = preSolution
		HideSolutionNode = FALSE
	EndGlobalSection
	GlobalSection(ExtensibilityGlobals) = postSolution
		SolutionGuid = {98DC26A2-21B6-4381-BDC5-B41A312B5E36}
	EndGlobalSection
EndGlobal
