
Microsoft Visual Studio Solution File, Format Version 12.00
# Visual Studio Version 16
VisualStudioVersion = 16.0.29503.13
MinimumVisualStudioVersion = 10.0.40219.1
Project("{9A19103F-16F7-4668-BE54-9A1E7A4F7556}") = "IoC_DI", "IoC_DI\IoC_DI.csproj", "{C4473B3B-7A5F-40E3-90E8-F2D5A176F121}"
EndProject
Project("{9A19103F-16F7-4668-BE54-9A1E7A4F7556}") = "IoC_DI.Repository", "IoC_DI.Repository\IoC_DI.Repository.csproj", "{59289EE2-4753-4287-9F8D-E5AD5870B3DB}"
EndProject
Project("{FAE04EC0-301F-11D3-BF4B-00C04F79EFBC}") = "IoC_DI.IRepository", "IoC_DI.IRepository\IoC_DI.IRepository.csproj", "{B536DC5B-B124-4DE5-B2CA-3884719D6E31}"
EndProject
Global
	GlobalSection(SolutionConfigurationPlatforms) = preSolution
		Debug|Any CPU = Debug|Any CPU
		Release|Any CPU = Release|Any CPU
	EndGlobalSection
	GlobalSection(ProjectConfigurationPlatforms) = postSolution
		{C4473B3B-7A5F-40E3-90E8-F2D5A176F121}.Debug|Any CPU.ActiveCfg = Debug|Any CPU
		{C4473B3B-7A5F-40E3-90E8-F2D5A176F121}.Debug|Any CPU.Build.0 = Debug|Any CPU
		{C4473B3B-7A5F-40E3-90E8-F2D5A176F121}.Release|Any CPU.ActiveCfg = Release|Any CPU
		{C4473B3B-7A5F-40E3-90E8-F2D5A176F121}.Release|Any CPU.Build.0 = Release|Any CPU
		{59289EE2-4753-4287-9F8D-E5AD5870B3DB}.Debug|Any CPU.ActiveCfg = Debug|Any CPU
		{59289EE2-4753-4287-9F8D-E5AD5870B3DB}.Debug|Any CPU.Build.0 = Debug|Any CPU
		{59289EE2-4753-4287-9F8D-E5AD5870B3DB}.Release|Any CPU.ActiveCfg = Release|Any CPU
		{59289EE2-4753-4287-9F8D-E5AD5870B3DB}.Release|Any CPU.Build.0 = Release|Any CPU
		{B536DC5B-B124-4DE5-B2CA-3884719D6E31}.Debug|Any CPU.ActiveCfg = Debug|Any CPU
		{B536DC5B-B124-4DE5-B2CA-3884719D6E31}.Debug|Any CPU.Build.0 = Debug|Any CPU
		{B536DC5B-B124-4DE5-B2CA-3884719D6E31}.Release|Any CPU.ActiveCfg = Release|Any CPU
		{B536DC5B-B124-4DE5-B2CA-3884719D6E31}.Release|Any CPU.Build.0 = Release|Any CPU
	EndGlobalSection
	GlobalSection(SolutionProperties) = preSolution
		HideSolutionNode = FALSE
	EndGlobalSection
	GlobalSection(ExtensibilityGlobals) = postSolution
		SolutionGuid = {5F281A99-C929-47A0-9708-4179F0903B7A}
	EndGlobalSection
EndGlobal
